<?xml version="1.0" encoding="utf-8"?>
<Project ToolsVersion="4.0" xmlns="http://schemas.microsoft.com/developer/msbuild/2003">
  <ItemGroup>
    <ClCompile Include="main.cpp" />
    <ClCompile Include="pch.cpp">
      <Filter>pch</Filter>
    </ClCompile>
    <ClCompile Include="SystemClass.cpp">
      <Filter>Engine</Filter>
    </ClCompile>
  </ItemGroup>
  <ItemGroup>
    <Filter Include="pch">
      <UniqueIdentifier>{8489cd4e-5eb6-483c-b5ee-641abd2eff5a}</UniqueIdentifier>
    </Filter>
    <Filter Include="Game">
      <UniqueIdentifier>{eb891335-3531-4c98-9c72-6a5f5e06a023}</UniqueIdentifier>
    </Filter>
    <Filter Include="Engine">
      <UniqueIdentifier>{b6b0bf2b-f3ad-4320-8e5d-5748fcf2e15b}</UniqueIdentifier>
    </Filter>
    <Filter Include="Engine\ShaderClass">
      <UniqueIdentifier>{66a7a4a1-532f-46bf-af52-4f5a0bc28823}</UniqueIdentifier>
    </Filter>
    <Filter Include="Engine\Shader">
      <UniqueIdentifier>{1489922a-81b9-4e60-998a-ea25bfdc63f4}</UniqueIdentifier>
    </Filter>
  </ItemGroup>
  <ItemGroup>
    <ClInclude Include="pch.h">
      <Filter>pch</Filter>
    </ClInclude>
    <ClInclude Include="Define.h">
      <Filter>Engine</Filter>
    </ClInclude>
    <ClInclude Include="SystemClass.h">
      <Filter>Engine</Filter>
    </ClInclude>
  </ItemGroup>
</Project>